// !$*UTF8*$!
{
	archiveVersion = 1;
	classes = {
	};
	objectVersion = 46;
	objects = {

/* Begin PBXBuildFile section */
		04B00BB7081A072E3AAB9D58 /* libPods.a in Frameworks */ = {isa = PBXBuildFile; fileRef = B560289CF94E73FCBD848FC7 /* libPods.a */; };
		1A7829FD1B288F21003E77D7 /* SettingViewController.m in Sources */ = {isa = PBXBuildFile; fileRef = 1A7829FB1B288F21003E77D7 /* SettingViewController.m */; };
		1A7829FE1B288F21003E77D7 /* SettingViewController.xib in Resources */ = {isa = PBXBuildFile; fileRef = 1A7829FC1B288F21003E77D7 /* SettingViewController.xib */; };
		1A782A011B2891A0003E77D7 /* MeViewData.m in Sources */ = {isa = PBXBuildFile; fileRef = 1A782A001B2891A0003E77D7 /* MeViewData.m */; };
		1A782A071B307585003E77D7 /* NotificationDataItem.m in Sources */ = {isa = PBXBuildFile; fileRef = 1A782A061B307585003E77D7 /* NotificationDataItem.m */; };
		1A782A0A1B3075FA003E77D7 /* UserRegisterDataItem.m in Sources */ = {isa = PBXBuildFile; fileRef = 1A782A091B3075FA003E77D7 /* UserRegisterDataItem.m */; };
		1ACD0F461AD89C2700DF479D /* main.m in Sources */ = {isa = PBXBuildFile; fileRef = 1ACD0F451AD89C2700DF479D /* main.m */; };
		1ACD0F491AD89C2700DF479D /* AppDelegate.m in Sources */ = {isa = PBXBuildFile; fileRef = 1ACD0F481AD89C2700DF479D /* AppDelegate.m */; };
		1ACD0F4F1AD89C2700DF479D /* Main.storyboard in Resources */ = {isa = PBXBuildFile; fileRef = 1ACD0F4D1AD89C2700DF479D /* Main.storyboard */; };
		1ACD0F511AD89C2700DF479D /* Images.xcassets in Resources */ = {isa = PBXBuildFile; fileRef = 1ACD0F501AD89C2700DF479D /* Images.xcassets */; };
		1ACD0F541AD89C2700DF479D /* LaunchScreen.xib in Resources */ = {isa = PBXBuildFile; fileRef = 1ACD0F521AD89C2700DF479D /* LaunchScreen.xib */; };
		1ACD0F601AD89C2700DF479D /* SquirrelTests.m in Sources */ = {isa = PBXBuildFile; fileRef = 1ACD0F5F1AD89C2700DF479D /* SquirrelTests.m */; };
		1ACD0F861AD89DD100DF479D /* DictionaryTabBarViewController.m in Sources */ = {isa = PBXBuildFile; fileRef = 1ACD0F6D1AD89DD100DF479D /* DictionaryTabBarViewController.m */; };
		1ACD0F871AD89DD100DF479D /* GeneralTabBarViewController.m in Sources */ = {isa = PBXBuildFile; fileRef = 1ACD0F6F1AD89DD100DF479D /* GeneralTabBarViewController.m */; };
		1ACD0FA91AD8A8D000DF479D /* LoginViewController.m in Sources */ = {isa = PBXBuildFile; fileRef = 1ACD0FA71AD8A8D000DF479D /* LoginViewController.m */; };
		1ACD0FAA1AD8A8D000DF479D /* LoginViewController.xib in Resources */ = {isa = PBXBuildFile; fileRef = 1ACD0FA81AD8A8D000DF479D /* LoginViewController.xib */; };
		1ACD0FAF1AD8A92500DF479D /* UserRegisterNotificationViewController.m in Sources */ = {isa = PBXBuildFile; fileRef = 1ACD0FAD1AD8A92500DF479D /* UserRegisterNotificationViewController.m */; };
		1ACD0FB01AD8A92500DF479D /* UserRegisterNotificationViewController.xib in Resources */ = {isa = PBXBuildFile; fileRef = 1ACD0FAE1AD8A92500DF479D /* UserRegisterNotificationViewController.xib */; };
		1ACD0FB51AD8A9D600DF479D /* AdminPublishViewController.m in Sources */ = {isa = PBXBuildFile; fileRef = 1ACD0FB31AD8A9D600DF479D /* AdminPublishViewController.m */; };
		1ACD0FB61AD8A9D600DF479D /* AdminPublishViewController.xib in Resources */ = {isa = PBXBuildFile; fileRef = 1ACD0FB41AD8A9D600DF479D /* AdminPublishViewController.xib */; };
		1ACD0FC11AD8AA7600DF479D /* MeViewController.m in Sources */ = {isa = PBXBuildFile; fileRef = 1ACD0FBF1AD8AA7600DF479D /* MeViewController.m */; };
		1ACD0FC21AD8AA7600DF479D /* MeViewController.xib in Resources */ = {isa = PBXBuildFile; fileRef = 1ACD0FC01AD8AA7600DF479D /* MeViewController.xib */; };
		1ACD0FC61AD8AB1200DF479D /* AdminPublishViewData.m in Sources */ = {isa = PBXBuildFile; fileRef = 1ACD0FC51AD8AB1200DF479D /* AdminPublishViewData.m */; };
		1ACD0FCA1AD9ED5E00DF479D /* NotificationPublishViewController.m in Sources */ = {isa = PBXBuildFile; fileRef = 1ACD0FC81AD9ED5E00DF479D /* NotificationPublishViewController.m */; };
		1ACD0FCB1AD9ED5E00DF479D /* NotificationPublishViewController.xib in Resources */ = {isa = PBXBuildFile; fileRef = 1ACD0FC91AD9ED5E00DF479D /* NotificationPublishViewController.xib */; };
		1ACD0FCF1ADA90A400DF479D /* AdminPublishTableViewCell.m in Sources */ = {isa = PBXBuildFile; fileRef = 1ACD0FCD1ADA90A400DF479D /* AdminPublishTableViewCell.m */; };
		1ACD0FD01ADA90A400DF479D /* AdminPublishTableViewCell.xib in Resources */ = {isa = PBXBuildFile; fileRef = 1ACD0FCE1ADA90A400DF479D /* AdminPublishTableViewCell.xib */; };
		1ACD0FD41ADAA69900DF479D /* BBSViewController.m in Sources */ = {isa = PBXBuildFile; fileRef = 1ACD0FD21ADAA69900DF479D /* BBSViewController.m */; };
		1ACD0FD51ADAA69900DF479D /* BBSViewController.xib in Resources */ = {isa = PBXBuildFile; fileRef = 1ACD0FD31ADAA69900DF479D /* BBSViewController.xib */; };
		1AD9DC9B1B2430B500FE7C8F /* UserViewData.m in Sources */ = {isa = PBXBuildFile; fileRef = 1AD9DC9A1B2430B500FE7C8F /* UserViewData.m */; };
/* End PBXBuildFile section */

/* Begin PBXContainerItemProxy section */
		1ACD0F5A1AD89C2700DF479D /* PBXContainerItemProxy */ = {
			isa = PBXContainerItemProxy;
			containerPortal = 1ACD0F381AD89C2700DF479D /* Project object */;
			proxyType = 1;
			remoteGlobalIDString = 1ACD0F3F1AD89C2700DF479D;
			remoteInfo = Squirrel;
		};
/* End PBXContainerItemProxy section */

/* Begin PBXFileReference section */
		10E1A9D473E551AD26B9E93D /* Pods.release.xcconfig */ = {isa = PBXFileReference; includeInIndex = 1; lastKnownFileType = text.xcconfig; name = Pods.release.xcconfig; path = "Pods/Target Support Files/Pods/Pods.release.xcconfig"; sourceTree = "<group>"; };
		1A7829FA1B288F21003E77D7 /* SettingViewController.h */ = {isa = PBXFileReference; fileEncoding = 4; lastKnownFileType = sourcecode.c.h; name = SettingViewController.h; path = Setting/SettingViewController.h; sourceTree = "<group>"; };
		1A7829FB1B288F21003E77D7 /* SettingViewController.m */ = {isa = PBXFileReference; fileEncoding = 4; lastKnownFileType = sourcecode.c.objc; name = SettingViewController.m; path = Setting/SettingViewController.m; sourceTree = "<group>"; };
		1A7829FC1B288F21003E77D7 /* SettingViewController.xib */ = {isa = PBXFileReference; fileEncoding = 4; lastKnownFileType = file.xib; name = SettingViewController.xib; path = Setting/SettingViewController.xib; sourceTree = "<group>"; };
		1A7829FF1B2891A0003E77D7 /* MeViewData.h */ = {isa = PBXFileReference; fileEncoding = 4; lastKnownFileType = sourcecode.c.h; name = MeViewData.h; path = DataModel/MeViewData.h; sourceTree = "<group>"; };
		1A782A001B2891A0003E77D7 /* MeViewData.m */ = {isa = PBXFileReference; fileEncoding = 4; lastKnownFileType = sourcecode.c.objc; name = MeViewData.m; path = DataModel/MeViewData.m; sourceTree = "<group>"; };
		1A782A051B307585003E77D7 /* NotificationDataItem.h */ = {isa = PBXFileReference; fileEncoding = 4; lastKnownFileType = sourcecode.c.h; name = NotificationDataItem.h; path = DataModel/NotificationDataItem.h; sourceTree = "<group>"; };
		1A782A061B307585003E77D7 /* NotificationDataItem.m */ = {isa = PBXFileReference; fileEncoding = 4; lastKnownFileType = sourcecode.c.objc; name = NotificationDataItem.m; path = DataModel/NotificationDataItem.m; sourceTree = "<group>"; };
		1A782A081B3075FA003E77D7 /* UserRegisterDataItem.h */ = {isa = PBXFileReference; fileEncoding = 4; lastKnownFileType = sourcecode.c.h; name = UserRegisterDataItem.h; path = DataModel/UserRegisterDataItem.h; sourceTree = "<group>"; };
		1A782A091B3075FA003E77D7 /* UserRegisterDataItem.m */ = {isa = PBXFileReference; fileEncoding = 4; lastKnownFileType = sourcecode.c.objc; name = UserRegisterDataItem.m; path = DataModel/UserRegisterDataItem.m; sourceTree = "<group>"; };
		1ACD0F401AD89C2700DF479D /* Squirrel.app */ = {isa = PBXFileReference; explicitFileType = wrapper.application; includeInIndex = 0; path = Squirrel.app; sourceTree = BUILT_PRODUCTS_DIR; };
		1ACD0F441AD89C2700DF479D /* Info.plist */ = {isa = PBXFileReference; lastKnownFileType = text.plist.xml; path = Info.plist; sourceTree = "<group>"; };
		1ACD0F451AD89C2700DF479D /* main.m */ = {isa = PBXFileReference; lastKnownFileType = sourcecode.c.objc; path = main.m; sourceTree = "<group>"; };
		1ACD0F471AD89C2700DF479D /* AppDelegate.h */ = {isa = PBXFileReference; lastKnownFileType = sourcecode.c.h; path = AppDelegate.h; sourceTree = "<group>"; };
		1ACD0F481AD89C2700DF479D /* AppDelegate.m */ = {isa = PBXFileReference; lastKnownFileType = sourcecode.c.objc; path = AppDelegate.m; sourceTree = "<group>"; };
		1ACD0F4E1AD89C2700DF479D /* Base */ = {isa = PBXFileReference; lastKnownFileType = file.storyboard; name = Base; path = Base.lproj/Main.storyboard; sourceTree = "<group>"; };
		1ACD0F501AD89C2700DF479D /* Images.xcassets */ = {isa = PBXFileReference; lastKnownFileType = folder.assetcatalog; path = Images.xcassets; sourceTree = "<group>"; };
		1ACD0F531AD89C2700DF479D /* Base */ = {isa = PBXFileReference; lastKnownFileType = file.xib; name = Base; path = Base.lproj/LaunchScreen.xib; sourceTree = "<group>"; };
		1ACD0F591AD89C2700DF479D /* SquirrelTests.xctest */ = {isa = PBXFileReference; explicitFileType = wrapper.cfbundle; includeInIndex = 0; path = SquirrelTests.xctest; sourceTree = BUILT_PRODUCTS_DIR; };
		1ACD0F5E1AD89C2700DF479D /* Info.plist */ = {isa = PBXFileReference; lastKnownFileType = text.plist.xml; path = Info.plist; sourceTree = "<group>"; };
		1ACD0F5F1AD89C2700DF479D /* SquirrelTests.m */ = {isa = PBXFileReference; lastKnownFileType = sourcecode.c.objc; path = SquirrelTests.m; sourceTree = "<group>"; };
		1ACD0F6C1AD89DD100DF479D /* DictionaryTabBarViewController.h */ = {isa = PBXFileReference; fileEncoding = 4; lastKnownFileType = sourcecode.c.h; path = DictionaryTabBarViewController.h; sourceTree = "<group>"; };
		1ACD0F6D1AD89DD100DF479D /* DictionaryTabBarViewController.m */ = {isa = PBXFileReference; fileEncoding = 4; lastKnownFileType = sourcecode.c.objc; path = DictionaryTabBarViewController.m; sourceTree = "<group>"; };
		1ACD0F6E1AD89DD100DF479D /* GeneralTabBarViewController.h */ = {isa = PBXFileReference; fileEncoding = 4; lastKnownFileType = sourcecode.c.h; path = GeneralTabBarViewController.h; sourceTree = "<group>"; };
		1ACD0F6F1AD89DD100DF479D /* GeneralTabBarViewController.m */ = {isa = PBXFileReference; fileEncoding = 4; lastKnownFileType = sourcecode.c.objc; path = GeneralTabBarViewController.m; sourceTree = "<group>"; };
		1ACD0FA61AD8A8D000DF479D /* LoginViewController.h */ = {isa = PBXFileReference; fileEncoding = 4; lastKnownFileType = sourcecode.c.h; name = LoginViewController.h; path = Login/LoginViewController.h; sourceTree = "<group>"; };
		1ACD0FA71AD8A8D000DF479D /* LoginViewController.m */ = {isa = PBXFileReference; fileEncoding = 4; lastKnownFileType = sourcecode.c.objc; name = LoginViewController.m; path = Login/LoginViewController.m; sourceTree = "<group>"; };
		1ACD0FA81AD8A8D000DF479D /* LoginViewController.xib */ = {isa = PBXFileReference; fileEncoding = 4; lastKnownFileType = file.xib; name = LoginViewController.xib; path = Login/LoginViewController.xib; sourceTree = "<group>"; };
		1ACD0FAC1AD8A92500DF479D /* UserRegisterNotificationViewController.h */ = {isa = PBXFileReference; fileEncoding = 4; lastKnownFileType = sourcecode.c.h; name = UserRegisterNotificationViewController.h; path = UserRegister/UserRegisterNotificationViewController.h; sourceTree = "<group>"; };
		1ACD0FAD1AD8A92500DF479D /* UserRegisterNotificationViewController.m */ = {isa = PBXFileReference; fileEncoding = 4; lastKnownFileType = sourcecode.c.objc; name = UserRegisterNotificationViewController.m; path = UserRegister/UserRegisterNotificationViewController.m; sourceTree = "<group>"; };
		1ACD0FAE1AD8A92500DF479D /* UserRegisterNotificationViewController.xib */ = {isa = PBXFileReference; fileEncoding = 4; lastKnownFileType = file.xib; name = UserRegisterNotificationViewController.xib; path = UserRegister/UserRegisterNotificationViewController.xib; sourceTree = "<group>"; };
		1ACD0FB21AD8A9D600DF479D /* AdminPublishViewController.h */ = {isa = PBXFileReference; fileEncoding = 4; lastKnownFileType = sourcecode.c.h; name = AdminPublishViewController.h; path = AdminPublish/AdminPublishViewController.h; sourceTree = "<group>"; };
		1ACD0FB31AD8A9D600DF479D /* AdminPublishViewController.m */ = {isa = PBXFileReference; fileEncoding = 4; lastKnownFileType = sourcecode.c.objc; name = AdminPublishViewController.m; path = AdminPublish/AdminPublishViewController.m; sourceTree = "<group>"; };
		1ACD0FB41AD8A9D600DF479D /* AdminPublishViewController.xib */ = {isa = PBXFileReference; fileEncoding = 4; lastKnownFileType = file.xib; name = AdminPublishViewController.xib; path = AdminPublish/AdminPublishViewController.xib; sourceTree = "<group>"; };
		1ACD0FBE1AD8AA7600DF479D /* MeViewController.h */ = {isa = PBXFileReference; fileEncoding = 4; lastKnownFileType = sourcecode.c.h; name = MeViewController.h; path = Me/MeViewController.h; sourceTree = "<group>"; };
		1ACD0FBF1AD8AA7600DF479D /* MeViewController.m */ = {isa = PBXFileReference; fileEncoding = 4; lastKnownFileType = sourcecode.c.objc; name = MeViewController.m; path = Me/MeViewController.m; sourceTree = "<group>"; };
		1ACD0FC01AD8AA7600DF479D /* MeViewController.xib */ = {isa = PBXFileReference; fileEncoding = 4; lastKnownFileType = file.xib; name = MeViewController.xib; path = Me/MeViewController.xib; sourceTree = "<group>"; };
		1ACD0FC41AD8AB1200DF479D /* AdminPublishViewData.h */ = {isa = PBXFileReference; fileEncoding = 4; lastKnownFileType = sourcecode.c.h; name = AdminPublishViewData.h; path = DataModel/AdminPublishViewData.h; sourceTree = "<group>"; };
		1ACD0FC51AD8AB1200DF479D /* AdminPublishViewData.m */ = {isa = PBXFileReference; fileEncoding = 4; lastKnownFileType = sourcecode.c.objc; name = AdminPublishViewData.m; path = DataModel/AdminPublishViewData.m; sourceTree = "<group>"; };
		1ACD0FC71AD9ED5E00DF479D /* NotificationPublishViewController.h */ = {isa = PBXFileReference; fileEncoding = 4; lastKnownFileType = sourcecode.c.h; name = NotificationPublishViewController.h; path = AdminPublish/NotificationPublishViewController.h; sourceTree = "<group>"; };
		1ACD0FC81AD9ED5E00DF479D /* NotificationPublishViewController.m */ = {isa = PBXFileReference; fileEncoding = 4; lastKnownFileType = sourcecode.c.objc; name = NotificationPublishViewController.m; path = AdminPublish/NotificationPublishViewController.m; sourceTree = "<group>"; };
		1ACD0FC91AD9ED5E00DF479D /* NotificationPublishViewController.xib */ = {isa = PBXFileReference; fileEncoding = 4; lastKnownFileType = file.xib; name = NotificationPublishViewController.xib; path = AdminPublish/NotificationPublishViewController.xib; sourceTree = "<group>"; };
		1ACD0FCC1ADA90A400DF479D /* AdminPublishTableViewCell.h */ = {isa = PBXFileReference; fileEncoding = 4; lastKnownFileType = sourcecode.c.h; name = AdminPublishTableViewCell.h; path = AdminPublish/AdminPublishTableViewCell.h; sourceTree = "<group>"; };
		1ACD0FCD1ADA90A400DF479D /* AdminPublishTableViewCell.m */ = {isa = PBXFileReference; fileEncoding = 4; lastKnownFileType = sourcecode.c.objc; name = AdminPublishTableViewCell.m; path = AdminPublish/AdminPublishTableViewCell.m; sourceTree = "<group>"; };
		1ACD0FCE1ADA90A400DF479D /* AdminPublishTableViewCell.xib */ = {isa = PBXFileReference; fileEncoding = 4; lastKnownFileType = file.xib; name = AdminPublishTableViewCell.xib; path = AdminPublish/AdminPublishTableViewCell.xib; sourceTree = "<group>"; };
		1ACD0FD11ADAA69900DF479D /* BBSViewController.h */ = {isa = PBXFileReference; fileEncoding = 4; lastKnownFileType = sourcecode.c.h; name = BBSViewController.h; path = BBS/BBSViewController.h; sourceTree = "<group>"; };
		1ACD0FD21ADAA69900DF479D /* BBSViewController.m */ = {isa = PBXFileReference; fileEncoding = 4; lastKnownFileType = sourcecode.c.objc; name = BBSViewController.m; path = BBS/BBSViewController.m; sourceTree = "<group>"; };
		1ACD0FD31ADAA69900DF479D /* BBSViewController.xib */ = {isa = PBXFileReference; fileEncoding = 4; lastKnownFileType = file.xib; name = BBSViewController.xib; path = BBS/BBSViewController.xib; sourceTree = "<group>"; };
		1AD9DC991B2430B500FE7C8F /* UserViewData.h */ = {isa = PBXFileReference; fileEncoding = 4; lastKnownFileType = sourcecode.c.h; name = UserViewData.h; path = DataModel/UserViewData.h; sourceTree = "<group>"; };
		1AD9DC9A1B2430B500FE7C8F /* UserViewData.m */ = {isa = PBXFileReference; fileEncoding = 4; lastKnownFileType = sourcecode.c.objc; name = UserViewData.m; path = DataModel/UserViewData.m; sourceTree = "<group>"; };
		1AD9DC9D1B248F1E00FE7C8F /* Define.h */ = {isa = PBXFileReference; fileEncoding = 4; lastKnownFileType = sourcecode.c.h; path = Define.h; sourceTree = "<group>"; };
		943962545B5E54CC63C74552 /* Pods.debug.xcconfig */ = {isa = PBXFileReference; includeInIndex = 1; lastKnownFileType = text.xcconfig; name = Pods.debug.xcconfig; path = "Pods/Target Support Files/Pods/Pods.debug.xcconfig"; sourceTree = "<group>"; };
		B560289CF94E73FCBD848FC7 /* libPods.a */ = {isa = PBXFileReference; explicitFileType = archive.ar; includeInIndex = 0; path = libPods.a; sourceTree = BUILT_PRODUCTS_DIR; };
/* End PBXFileReference section */

/* Begin PBXFrameworksBuildPhase section */
		1ACD0F3D1AD89C2700DF479D /* Frameworks */ = {
			isa = PBXFrameworksBuildPhase;
			buildActionMask = 2147483647;
			files = (
				04B00BB7081A072E3AAB9D58 /* libPods.a in Frameworks */,
			);
			runOnlyForDeploymentPostprocessing = 0;
		};
		1ACD0F561AD89C2700DF479D /* Frameworks */ = {
			isa = PBXFrameworksBuildPhase;
			buildActionMask = 2147483647;
			files = (
			);
			runOnlyForDeploymentPostprocessing = 0;
		};
/* End PBXFrameworksBuildPhase section */

/* Begin PBXGroup section */
		1A7829F91B288E94003E77D7 /* Setting */ = {
			isa = PBXGroup;
			children = (
				1A7829FA1B288F21003E77D7 /* SettingViewController.h */,
				1A7829FB1B288F21003E77D7 /* SettingViewController.m */,
				1A7829FC1B288F21003E77D7 /* SettingViewController.xib */,
			);
			name = Setting;
			sourceTree = "<group>";
		};
		1ACD0F371AD89C2700DF479D = {
			isa = PBXGroup;
			children = (
				1ACD0F421AD89C2700DF479D /* Squirrel */,
				1ACD0F5C1AD89C2700DF479D /* SquirrelTests */,
				1ACD0F411AD89C2700DF479D /* Products */,
				E93D77792E2EA303730CEADD /* Pods */,
				6390B3E3D6EA59C978CA0D88 /* Frameworks */,
			);
			sourceTree = "<group>";
		};
		1ACD0F411AD89C2700DF479D /* Products */ = {
			isa = PBXGroup;
			children = (
				1ACD0F401AD89C2700DF479D /* Squirrel.app */,
				1ACD0F591AD89C2700DF479D /* SquirrelTests.xctest */,
			);
			name = Products;
			sourceTree = "<group>";
		};
		1ACD0F421AD89C2700DF479D /* Squirrel */ = {
			isa = PBXGroup;
			children = (
				1A7829F91B288E94003E77D7 /* Setting */,
				1ACD0FC31AD8AACE00DF479D /* DataModel */,
				1ACD0FBD1AD8AA4A00DF479D /* Me */,
				1ACD0FB71AD8AA0900DF479D /* BBS */,
				1ACD0FB11AD8A99700DF479D /* AdminPublish */,
				1ACD0FAB1AD8A8DD00DF479D /* UserRegister */,
				1ACD0FA51AD8A8C500DF479D /* Login */,
				1ACD0F6B1AD89DD100DF479D /* TabBarViewController */,
				1ACD0F471AD89C2700DF479D /* AppDelegate.h */,
				1ACD0F481AD89C2700DF479D /* AppDelegate.m */,
				1AD9DC9D1B248F1E00FE7C8F /* Define.h */,
				1ACD0F4D1AD89C2700DF479D /* Main.storyboard */,
				1ACD0F501AD89C2700DF479D /* Images.xcassets */,
				1ACD0F521AD89C2700DF479D /* LaunchScreen.xib */,
				1ACD0F431AD89C2700DF479D /* Supporting Files */,
			);
			path = Squirrel;
			sourceTree = "<group>";
		};
		1ACD0F431AD89C2700DF479D /* Supporting Files */ = {
			isa = PBXGroup;
			children = (
				1ACD0F441AD89C2700DF479D /* Info.plist */,
				1ACD0F451AD89C2700DF479D /* main.m */,
			);
			name = "Supporting Files";
			sourceTree = "<group>";
		};
		1ACD0F5C1AD89C2700DF479D /* SquirrelTests */ = {
			isa = PBXGroup;
			children = (
				1ACD0F5F1AD89C2700DF479D /* SquirrelTests.m */,
				1ACD0F5D1AD89C2700DF479D /* Supporting Files */,
			);
			path = SquirrelTests;
			sourceTree = "<group>";
		};
		1ACD0F5D1AD89C2700DF479D /* Supporting Files */ = {
			isa = PBXGroup;
			children = (
				1ACD0F5E1AD89C2700DF479D /* Info.plist */,
			);
			name = "Supporting Files";
			sourceTree = "<group>";
		};
		1ACD0F6B1AD89DD100DF479D /* TabBarViewController */ = {
			isa = PBXGroup;
			children = (
				1ACD0F6C1AD89DD100DF479D /* DictionaryTabBarViewController.h */,
				1ACD0F6D1AD89DD100DF479D /* DictionaryTabBarViewController.m */,
				1ACD0F6E1AD89DD100DF479D /* GeneralTabBarViewController.h */,
				1ACD0F6F1AD89DD100DF479D /* GeneralTabBarViewController.m */,
			);
			path = TabBarViewController;
			sourceTree = "<group>";
		};
		1ACD0FA51AD8A8C500DF479D /* Login */ = {
			isa = PBXGroup;
			children = (
				1ACD0FA61AD8A8D000DF479D /* LoginViewController.h */,
				1ACD0FA71AD8A8D000DF479D /* LoginViewController.m */,
				1ACD0FA81AD8A8D000DF479D /* LoginViewController.xib */,
			);
			name = Login;
			sourceTree = "<group>";
		};
		1ACD0FAB1AD8A8DD00DF479D /* UserRegister */ = {
			isa = PBXGroup;
			children = (
				1ACD0FAC1AD8A92500DF479D /* UserRegisterNotificationViewController.h */,
				1ACD0FAD1AD8A92500DF479D /* UserRegisterNotificationViewController.m */,
				1ACD0FAE1AD8A92500DF479D /* UserRegisterNotificationViewController.xib */,
			);
			name = UserRegister;
			sourceTree = "<group>";
		};
		1ACD0FB11AD8A99700DF479D /* AdminPublish */ = {
			isa = PBXGroup;
			children = (
				1ACD0FC71AD9ED5E00DF479D /* NotificationPublishViewController.h */,
				1ACD0FC81AD9ED5E00DF479D /* NotificationPublishViewController.m */,
				1ACD0FC91AD9ED5E00DF479D /* NotificationPublishViewController.xib */,
				1ACD0FB21AD8A9D600DF479D /* AdminPublishViewController.h */,
				1ACD0FB31AD8A9D600DF479D /* AdminPublishViewController.m */,
				1ACD0FB41AD8A9D600DF479D /* AdminPublishViewController.xib */,
				1ACD0FCC1ADA90A400DF479D /* AdminPublishTableViewCell.h */,
				1ACD0FCD1ADA90A400DF479D /* AdminPublishTableViewCell.m */,
				1ACD0FCE1ADA90A400DF479D /* AdminPublishTableViewCell.xib */,
			);
			name = AdminPublish;
			sourceTree = "<group>";
		};
		1ACD0FB71AD8AA0900DF479D /* BBS */ = {
			isa = PBXGroup;
			children = (
				1ACD0FD11ADAA69900DF479D /* BBSViewController.h */,
				1ACD0FD21ADAA69900DF479D /* BBSViewController.m */,
				1ACD0FD31ADAA69900DF479D /* BBSViewController.xib */,
			);
			name = BBS;
			sourceTree = "<group>";
		};
		1ACD0FBD1AD8AA4A00DF479D /* Me */ = {
			isa = PBXGroup;
			children = (
				1ACD0FBE1AD8AA7600DF479D /* MeViewController.h */,
				1ACD0FBF1AD8AA7600DF479D /* MeViewController.m */,
				1ACD0FC01AD8AA7600DF479D /* MeViewController.xib */,
			);
			name = Me;
			sourceTree = "<group>";
		};
		1ACD0FC31AD8AACE00DF479D /* DataModel */ = {
			isa = PBXGroup;
			children = (
				1ACD0FC41AD8AB1200DF479D /* AdminPublishViewData.h */,
				1ACD0FC51AD8AB1200DF479D /* AdminPublishViewData.m */,
				1AD9DC991B2430B500FE7C8F /* UserViewData.h */,
				1AD9DC9A1B2430B500FE7C8F /* UserViewData.m */,
				1A7829FF1B2891A0003E77D7 /* MeViewData.h */,
				1A782A001B2891A0003E77D7 /* MeViewData.m */,
				1A782A051B307585003E77D7 /* NotificationDataItem.h */,
				1A782A061B307585003E77D7 /* NotificationDataItem.m */,
				1A782A081B3075FA003E77D7 /* UserRegisterDataItem.h */,
				1A782A091B3075FA003E77D7 /* UserRegisterDataItem.m */,
			);
			name = DataModel;
			sourceTree = "<group>";
		};
		6390B3E3D6EA59C978CA0D88 /* Frameworks */ = {
			isa = PBXGroup;
			children = (
				B560289CF94E73FCBD848FC7 /* libPods.a */,
			);
			name = Frameworks;
			sourceTree = "<group>";
		};
		E93D77792E2EA303730CEADD /* Pods */ = {
			isa = PBXGroup;
			children = (
				943962545B5E54CC63C74552 /* Pods.debug.xcconfig */,
				10E1A9D473E551AD26B9E93D /* Pods.release.xcconfig */,
			);
			name = Pods;
			sourceTree = "<group>";
		};
/* End PBXGroup section */

/* Begin PBXNativeTarget section */
		1ACD0F3F1AD89C2700DF479D /* Squirrel */ = {
			isa = PBXNativeTarget;
			buildConfigurationList = 1ACD0F631AD89C2800DF479D /* Build configuration list for PBXNativeTarget "Squirrel" */;
			buildPhases = (
				3A24A87529D31C443A19FEBB /* Check Pods Manifest.lock */,
				1ACD0F3C1AD89C2700DF479D /* Sources */,
				1ACD0F3D1AD89C2700DF479D /* Frameworks */,
				1ACD0F3E1AD89C2700DF479D /* Resources */,
				401C4A8F3BBDBB7F93FAC78A /* Copy Pods Resources */,
			);
			buildRules = (
			);
			dependencies = (
			);
			name = Squirrel;
			productName = Squirrel;
			productReference = 1ACD0F401AD89C2700DF479D /* Squirrel.app */;
			productType = "com.apple.product-type.application";
		};
		1ACD0F581AD89C2700DF479D /* SquirrelTests */ = {
			isa = PBXNativeTarget;
			buildConfigurationList = 1ACD0F661AD89C2800DF479D /* Build configuration list for PBXNativeTarget "SquirrelTests" */;
			buildPhases = (
				1ACD0F551AD89C2700DF479D /* Sources */,
				1ACD0F561AD89C2700DF479D /* Frameworks */,
				1ACD0F571AD89C2700DF479D /* Resources */,
			);
			buildRules = (
			);
			dependencies = (
				1ACD0F5B1AD89C2700DF479D /* PBXTargetDependency */,
			);
			name = SquirrelTests;
			productName = SquirrelTests;
			productReference = 1ACD0F591AD89C2700DF479D /* SquirrelTests.xctest */;
			productType = "com.apple.product-type.bundle.unit-test";
		};
/* End PBXNativeTarget section */

/* Begin PBXProject section */
		1ACD0F381AD89C2700DF479D /* Project object */ = {
			isa = PBXProject;
			attributes = {
				LastUpgradeCheck = 0630;
				ORGANIZATIONNAME = JamesMao;
				TargetAttributes = {
					1ACD0F3F1AD89C2700DF479D = {
						CreatedOnToolsVersion = 6.3;
					};
					1ACD0F581AD89C2700DF479D = {
						CreatedOnToolsVersion = 6.3;
						TestTargetID = 1ACD0F3F1AD89C2700DF479D;
					};
				};
			};
			buildConfigurationList = 1ACD0F3B1AD89C2700DF479D /* Build configuration list for PBXProject "Squirrel" */;
			compatibilityVersion = "Xcode 3.2";
			developmentRegion = English;
			hasScannedForEncodings = 0;
			knownRegions = (
				en,
				Base,
			);
			mainGroup = 1ACD0F371AD89C2700DF479D;
			productRefGroup = 1ACD0F411AD89C2700DF479D /* Products */;
			projectDirPath = "";
			projectRoot = "";
			targets = (
				1ACD0F3F1AD89C2700DF479D /* Squirrel */,
				1ACD0F581AD89C2700DF479D /* SquirrelTests */,
			);
		};
/* End PBXProject section */

/* Begin PBXResourcesBuildPhase section */
		1ACD0F3E1AD89C2700DF479D /* Resources */ = {
			isa = PBXResourcesBuildPhase;
			buildActionMask = 2147483647;
			files = (
				1ACD0FD51ADAA69900DF479D /* BBSViewController.xib in Resources */,
				1ACD0F4F1AD89C2700DF479D /* Main.storyboard in Resources */,
				1ACD0FB01AD8A92500DF479D /* UserRegisterNotificationViewController.xib in Resources */,
				1ACD0FB61AD8A9D600DF479D /* AdminPublishViewController.xib in Resources */,
				1ACD0FD01ADA90A400DF479D /* AdminPublishTableViewCell.xib in Resources */,
				1ACD0F541AD89C2700DF479D /* LaunchScreen.xib in Resources */,
				1ACD0FAA1AD8A8D000DF479D /* LoginViewController.xib in Resources */,
				1A7829FE1B288F21003E77D7 /* SettingViewController.xib in Resources */,
				1ACD0F511AD89C2700DF479D /* Images.xcassets in Resources */,
				1ACD0FCB1AD9ED5E00DF479D /* NotificationPublishViewController.xib in Resources */,
				1ACD0FC21AD8AA7600DF479D /* MeViewController.xib in Resources */,
			);
			runOnlyForDeploymentPostprocessing = 0;
		};
		1ACD0F571AD89C2700DF479D /* Resources */ = {
			isa = PBXResourcesBuildPhase;
			buildActionMask = 2147483647;
			files = (
			);
			runOnlyForDeploymentPostprocessing = 0;
		};
/* End PBXResourcesBuildPhase section */

/* Begin PBXShellScriptBuildPhase section */
		3A24A87529D31C443A19FEBB /* Check Pods Manifest.lock */ = {
			isa = PBXShellScriptBuildPhase;
			buildActionMask = 2147483647;
			files = (
			);
			inputPaths = (
			);
			name = "Check Pods Manifest.lock";
			outputPaths = (
			);
			runOnlyForDeploymentPostprocessing = 0;
			shellPath = /bin/sh;
			shellScript = "diff \"${PODS_ROOT}/../Podfile.lock\" \"${PODS_ROOT}/Manifest.lock\" > /dev/null\nif [[ $? != 0 ]] ; then\n    cat << EOM\nerror: The sandbox is not in sync with the Podfile.lock. Run 'pod install' or update your CocoaPods installation.\nEOM\n    exit 1\nfi\n";
			showEnvVarsInLog = 0;
		};
		401C4A8F3BBDBB7F93FAC78A /* Copy Pods Resources */ = {
			isa = PBXShellScriptBuildPhase;
			buildActionMask = 2147483647;
			files = (
			);
			inputPaths = (
			);
			name = "Copy Pods Resources";
			outputPaths = (
			);
			runOnlyForDeploymentPostprocessing = 0;
			shellPath = /bin/sh;
			shellScript = "\"${SRCROOT}/Pods/Target Support Files/Pods/Pods-resources.sh\"\n";
			showEnvVarsInLog = 0;
		};
/* End PBXShellScriptBuildPhase section */

/* Begin PBXSourcesBuildPhase section */
		1ACD0F3C1AD89C2700DF479D /* Sources */ = {
			isa = PBXSourcesBuildPhase;
			buildActionMask = 2147483647;
			files = (
				1ACD0FD41ADAA69900DF479D /* BBSViewController.m in Sources */,
				1A782A071B307585003E77D7 /* NotificationDataItem.m in Sources */,
				1A782A0A1B3075FA003E77D7 /* UserRegisterDataItem.m in Sources */,
				1ACD0FC11AD8AA7600DF479D /* MeViewController.m in Sources */,
				1ACD0FCF1ADA90A400DF479D /* AdminPublishTableViewCell.m in Sources */,
				1A7829FD1B288F21003E77D7 /* SettingViewController.m in Sources */,
				1A782A011B2891A0003E77D7 /* MeViewData.m in Sources */,
				1AD9DC9B1B2430B500FE7C8F /* UserViewData.m in Sources */,
				1ACD0F491AD89C2700DF479D /* AppDelegate.m in Sources */,
				1ACD0FAF1AD8A92500DF479D /* UserRegisterNotificationViewController.m in Sources */,
				1ACD0FB51AD8A9D600DF479D /* AdminPublishViewController.m in Sources */,
				1ACD0F871AD89DD100DF479D /* GeneralTabBarViewController.m in Sources */,
				1ACD0F861AD89DD100DF479D /* DictionaryTabBarViewController.m in Sources */,
				1ACD0FCA1AD9ED5E00DF479D /* NotificationPublishViewController.m in Sources */,
				1ACD0F461AD89C2700DF479D /* main.m in Sources */,
				1ACD0FC61AD8AB1200DF479D /* AdminPublishViewData.m in Sources */,
				1ACD0FA91AD8A8D000DF479D /* LoginViewController.m in Sources */,
			);
			runOnlyForDeploymentPostprocessing = 0;
		};
		1ACD0F551AD89C2700DF479D /* Sources */ = {
			isa = PBXSourcesBuildPhase;
			buildActionMask = 2147483647;
			files = (
				1ACD0F601AD89C2700DF479D /* SquirrelTests.m in Sources */,
			);
			runOnlyForDeploymentPostprocessing = 0;
		};
/* End PBXSourcesBuildPhase section */

/* Begin PBXTargetDependency section */
		1ACD0F5B1AD89C2700DF479D /* PBXTargetDependency */ = {
			isa = PBXTargetDependency;
			target = 1ACD0F3F1AD89C2700DF479D /* Squirrel */;
			targetProxy = 1ACD0F5A1AD89C2700DF479D /* PBXContainerItemProxy */;
		};
/* End PBXTargetDependency section */

/* Begin PBXVariantGroup section */
		1ACD0F4D1AD89C2700DF479D /* Main.storyboard */ = {
			isa = PBXVariantGroup;
			children = (
				1ACD0F4E1AD89C2700DF479D /* Base */,
			);
			name = Main.storyboard;
			sourceTree = "<group>";
		};
		1ACD0F521AD89C2700DF479D /* LaunchScreen.xib */ = {
			isa = PBXVariantGroup;
			children = (
				1ACD0F531AD89C2700DF479D /* Base */,
			);
			name = LaunchScreen.xib;
			sourceTree = "<group>";
		};
/* End PBXVariantGroup section */

/* Begin XCBuildConfiguration section */
		1ACD0F611AD89C2700DF479D /* Debug */ = {
			isa = XCBuildConfiguration;
			buildSettings = {
				ALWAYS_SEARCH_USER_PATHS = NO;
				CLANG_CXX_LANGUAGE_STANDARD = "gnu++0x";
				CLANG_CXX_LIBRARY = "libc++";
				CLANG_ENABLE_MODULES = YES;
				CLANG_ENABLE_OBJC_ARC = YES;
				CLANG_WARN_BOOL_CONVERSION = YES;
				CLANG_WARN_CONSTANT_CONVERSION = YES;
				CLANG_WARN_DIRECT_OBJC_ISA_USAGE = YES_ERROR;
				CLANG_WARN_EMPTY_BODY = YES;
				CLANG_WARN_ENUM_CONVERSION = YES;
				CLANG_WARN_INT_CONVERSION = YES;
				CLANG_WARN_OBJC_ROOT_CLASS = YES_ERROR;
				CLANG_WARN_UNREACHABLE_CODE = YES;
				CLANG_WARN__DUPLICATE_METHOD_MATCH = YES;
				"CODE_SIGN_IDENTITY[sdk=iphoneos*]" = "iPhone Developer";
				COPY_PHASE_STRIP = NO;
				DEBUG_INFORMATION_FORMAT = "dwarf-with-dsym";
				ENABLE_STRICT_OBJC_MSGSEND = YES;
				GCC_C_LANGUAGE_STANDARD = gnu99;
				GCC_DYNAMIC_NO_PIC = NO;
				GCC_NO_COMMON_BLOCKS = YES;
				GCC_OPTIMIZATION_LEVEL = 0;
				GCC_PREPROCESSOR_DEFINITIONS = (
					"DEBUG=1",
					"$(inherited)",
				);
				GCC_SYMBOLS_PRIVATE_EXTERN = NO;
				GCC_WARN_64_TO_32_BIT_CONVERSION = YES;
				GCC_WARN_ABOUT_RETURN_TYPE = YES_ERROR;
				GCC_WARN_UNDECLARED_SELECTOR = YES;
				GCC_WARN_UNINITIALIZED_AUTOS = YES_AGGRESSIVE;
				GCC_WARN_UNUSED_FUNCTION = YES;
				GCC_WARN_UNUSED_VARIABLE = YES;
				IPHONEOS_DEPLOYMENT_TARGET = 8.3;
				MTL_ENABLE_DEBUG_INFO = YES;
				ONLY_ACTIVE_ARCH = YES;
				SDKROOT = iphoneos;
				TARGETED_DEVICE_FAMILY = "1,2";
			};
			name = Debug;
		};
		1ACD0F621AD89C2700DF479D /* Release */ = {
			isa = XCBuildConfiguration;
			buildSettings = {
				ALWAYS_SEARCH_USER_PATHS = NO;
				CLANG_CXX_LANGUAGE_STANDARD = "gnu++0x";
				CLANG_CXX_LIBRARY = "libc++";
				CLANG_ENABLE_MODULES = YES;
				CLANG_ENABLE_OBJC_ARC = YES;
				CLANG_WARN_BOOL_CONVERSION = YES;
				CLANG_WARN_CONSTANT_CONVERSION = YES;
				CLANG_WARN_DIRECT_OBJC_ISA_USAGE = YES_ERROR;
				CLANG_WARN_EMPTY_BODY = YES;
				CLANG_WARN_ENUM_CONVERSION = YES;
				CLANG_WARN_INT_CONVERSION = YES;
				CLANG_WARN_OBJC_ROOT_CLASS = YES_ERROR;
				CLANG_WARN_UNREACHABLE_CODE = YES;
				CLANG_WARN__DUPLICATE_METHOD_MATCH = YES;
				"CODE_SIGN_IDENTITY[sdk=iphoneos*]" = "iPhone Developer";
				COPY_PHASE_STRIP = NO;
				DEBUG_INFORMATION_FORMAT = "dwarf-with-dsym";
				ENABLE_NS_ASSERTIONS = NO;
				ENABLE_STRICT_OBJC_MSGSEND = YES;
				GCC_C_LANGUAGE_STANDARD = gnu99;
				GCC_NO_COMMON_BLOCKS = YES;
				GCC_WARN_64_TO_32_BIT_CONVERSION = YES;
				GCC_WARN_ABOUT_RETURN_TYPE = YES_ERROR;
				GCC_WARN_UNDECLARED_SELECTOR = YES;
				GCC_WARN_UNINITIALIZED_AUTOS = YES_AGGRESSIVE;
				GCC_WARN_UNUSED_FUNCTION = YES;
				GCC_WARN_UNUSED_VARIABLE = YES;
				IPHONEOS_DEPLOYMENT_TARGET = 8.3;
				MTL_ENABLE_DEBUG_INFO = NO;
				SDKROOT = iphoneos;
				TARGETED_DEVICE_FAMILY = "1,2";
				VALIDATE_PRODUCT = YES;
			};
			name = Release;
		};
		1ACD0F641AD89C2800DF479D /* Debug */ = {
			isa = XCBuildConfiguration;
			baseConfigurationReference = 943962545B5E54CC63C74552 /* Pods.debug.xcconfig */;
			buildSettings = {
				ASSETCATALOG_COMPILER_APPICON_NAME = AppIcon;
				INFOPLIST_FILE = Squirrel/Info.plist;
				LD_RUNPATH_SEARCH_PATHS = "$(inherited) @executable_path/Frameworks";
				PRODUCT_NAME = "$(TARGET_NAME)";
			};
			name = Debug;
		};
		1ACD0F651AD89C2800DF479D /* Release */ = {
			isa = XCBuildConfiguration;
			baseConfigurationReference = 10E1A9D473E551AD26B9E93D /* Pods.release.xcconfig */;
			buildSettings = {
				ASSETCATALOG_COMPILER_APPICON_NAME = AppIcon;
				INFOPLIST_FILE = Squirrel/Info.plist;
				LD_RUNPATH_SEARCH_PATHS = "$(inherited) @executable_path/Frameworks";
				PRODUCT_NAME = "$(TARGET_NAME)";
			};
			name = Release;
		};
		1ACD0F671AD89C2800DF479D /* Debug */ = {
			isa = XCBuildConfiguration;
			buildSettings = {
				BUNDLE_LOADER = "$(TEST_HOST)";
				FRAMEWORK_SEARCH_PATHS = (
					"$(SDKROOT)/Developer/Library/Frameworks",
					"$(inherited)",
				);
				GCC_PREPROCESSOR_DEFINITIONS = (
					"DEBUG=1",
					"$(inherited)",
				);
				INFOPLIST_FILE = SquirrelTests/Info.plist;
				LD_RUNPATH_SEARCH_PATHS = "$(inherited) @executable_path/Frameworks @loader_path/Frameworks";
				PRODUCT_NAME = "$(TARGET_NAME)";
				TEST_HOST = "$(BUILT_PRODUCTS_DIR)/Squirrel.app/Squirrel";
			};
			name = Debug;
		};
		1ACD0F681AD89C2800DF479D /* Release */ = {
			isa = XCBuildConfiguration;
			buildSettings = {
				BUNDLE_LOADER = "$(TEST_HOST)";
				FRAMEWORK_SEARCH_PATHS = (
					"$(SDKROOT)/Developer/Library/Frameworks",
					"$(inherited)",
				);
				INFOPLIST_FILE = SquirrelTests/Info.plist;
				LD_RUNPATH_SEARCH_PATHS = "$(inherited) @executable_path/Frameworks @loader_path/Frameworks";
				PRODUCT_NAME = "$(TARGET_NAME)";
				TEST_HOST = "$(BUILT_PRODUCTS_DIR)/Squirrel.app/Squirrel";
			};
			name = Release;
		};
/* End XCBuildConfiguration section */

/* Begin XCConfigurationList section */
		1ACD0F3B1AD89C2700DF479D /* Build configuration list for PBXProject "Squirrel" */ = {
			isa = XCConfigurationList;
			buildConfigurations = (
				1ACD0F611AD89C2700DF479D /* Debug */,
				1ACD0F621AD89C2700DF479D /* Release */,
			);
			defaultConfigurationIsVisible = 0;
			defaultConfigurationName = Release;
		};
		1ACD0F631AD89C2800DF479D /* Build configuration list for PBXNativeTarget "Squirrel" */ = {
			isa = XCConfigurationList;
			buildConfigurations = (
				1ACD0F641AD89C2800DF479D /* Debug */,
				1ACD0F651AD89C2800DF479D /* Release */,
			);
			defaultConfigurationIsVisible = 0;
			defaultConfigurationName = Release;
		};
		1ACD0F661AD89C2800DF479D /* Build configuration list for PBXNativeTarget "SquirrelTests" */ = {
			isa = XCConfigurationList;
			buildConfigurations = (
				1ACD0F671AD89C2800DF479D /* Debug */,
				1ACD0F681AD89C2800DF479D /* Release */,
			);
			defaultConfigurationIsVisible = 0;
			defaultConfigurationName = Release;
		};
/* End XCConfigurationList section */
	};
	rootObject = 1ACD0F381AD89C2700DF479D /* Project object */;
}
